// !$*UTF8*$!
{
	archiveVersion = 1;
	classes = {
	};
	objectVersion = 56;
	objects = {

/* Begin PBXBuildFile section */
		960CF3CB2A10ADFA007F674D /* TeaApp.swift in Sources */ = {isa = PBXBuildFile; fileRef = 960CF3CA2A10ADFA007F674D /* TeaApp.swift */; };
		960CF3CD2A10ADFA007F674D /* ContentView.swift in Sources */ = {isa = PBXBuildFile; fileRef = 960CF3CC2A10ADFA007F674D /* ContentView.swift */; };
		960CF3CF2A10ADFB007F674D /* Assets.xcassets in Resources */ = {isa = PBXBuildFile; fileRef = 960CF3CE2A10ADFB007F674D /* Assets.xcassets */; };
		960CF3D22A10ADFB007F674D /* Preview Assets.xcassets in Resources */ = {isa = PBXBuildFile; fileRef = 960CF3D12A10ADFB007F674D /* Preview Assets.xcassets */; };
		960CF3DC2A10ADFB007F674D /* TeaTests.swift in Sources */ = {isa = PBXBuildFile; fileRef = 960CF3DB2A10ADFB007F674D /* TeaTests.swift */; };
		960CF3E62A10ADFB007F674D /* TeaUITests.swift in Sources */ = {isa = PBXBuildFile; fileRef = 960CF3E52A10ADFB007F674D /* TeaUITests.swift */; };
		960CF3E82A10ADFB007F674D /* TeaUITestsLaunchTests.swift in Sources */ = {isa = PBXBuildFile; fileRef = 960CF3E72A10ADFB007F674D /* TeaUITestsLaunchTests.swift */; };
/* End PBXBuildFile section */

/* Begin PBXContainerItemProxy section */
		960CF3D82A10ADFB007F674D /* PBXContainerItemProxy */ = {
			isa = PBXContainerItemProxy;
			containerPortal = 960CF3BF2A10ADFA007F674D /* Project object */;
			proxyType = 1;
			remoteGlobalIDString = 960CF3C62A10ADFA007F674D;
			remoteInfo = Tea;
		};
		960CF3E22A10ADFB007F674D /* PBXContainerItemProxy */ = {
			isa = PBXContainerItemProxy;
			containerPortal = 960CF3BF2A10ADFA007F674D /* Project object */;
			proxyType = 1;
			remoteGlobalIDString = 960CF3C62A10ADFA007F674D;
			remoteInfo = Tea;
		};
/* End PBXContainerItemProxy section */

/* Begin PBXFileReference section */
		960CF3C72A10ADFA007F674D /* Tea.app */ = {isa = PBXFileReference; explicitFileType = wrapper.application; includeInIndex = 0; path = Tea.app; sourceTree = BUILT_PRODUCTS_DIR; };
		960CF3CA2A10ADFA007F674D /* TeaApp.swift */ = {isa = PBXFileReference; lastKnownFileType = sourcecode.swift; path = TeaApp.swift; sourceTree = "<group>"; };
		960CF3CC2A10ADFA007F674D /* ContentView.swift */ = {isa = PBXFileReference; lastKnownFileType = sourcecode.swift; path = ContentView.swift; sourceTree = "<group>"; };
		960CF3CE2A10ADFB007F674D /* Assets.xcassets */ = {isa = PBXFileReference; lastKnownFileType = folder.assetcatalog; path = Assets.xcassets; sourceTree = "<group>"; };
		960CF3D12A10ADFB007F674D /* Preview Assets.xcassets */ = {isa = PBXFileReference; lastKnownFileType = folder.assetcatalog; path = "Preview Assets.xcassets"; sourceTree = "<group>"; };
		960CF3D72A10ADFB007F674D /* TeaTests.xctest */ = {isa = PBXFileReference; explicitFileType = wrapper.cfbundle; includeInIndex = 0; path = TeaTests.xctest; sourceTree = BUILT_PRODUCTS_DIR; };
		960CF3DB2A10ADFB007F674D /* TeaTests.swift */ = {isa = PBXFileReference; lastKnownFileType = sourcecode.swift; path = TeaTests.swift; sourceTree = "<group>"; };
		960CF3E12A10ADFB007F674D /* TeaUITests.xctest */ = {isa = PBXFileReference; explicitFileType = wrapper.cfbundle; includeInIndex = 0; path = TeaUITests.xctest; sourceTree = BUILT_PRODUCTS_DIR; };
		960CF3E52A10ADFB007F674D /* TeaUITests.swift */ = {isa = PBXFileReference; lastKnownFileType = sourcecode.swift; path = TeaUITests.swift; sourceTree = "<group>"; };
		960CF3E72A10ADFB007F674D /* TeaUITestsLaunchTests.swift */ = {isa = PBXFileReference; lastKnownFileType = sourcecode.swift; path = TeaUITestsLaunchTests.swift; sourceTree = "<group>"; };
/* End PBXFileReference section */

/* Begin PBXFrameworksBuildPhase section */
		960CF3C42A10ADFA007F674D /* Frameworks */ = {
			isa = PBXFrameworksBuildPhase;
			buildActionMask = 2147483647;
			files = (
			);
			runOnlyForDeploymentPostprocessing = 0;
		};
		960CF3D42A10ADFB007F674D /* Frameworks */ = {
			isa = PBXFrameworksBuildPhase;
			buildActionMask = 2147483647;
			files = (
			);
			runOnlyForDeploymentPostprocessing = 0;
		};
		960CF3DE2A10ADFB007F674D /* Frameworks */ = {
			isa = PBXFrameworksBuildPhase;
			buildActionMask = 2147483647;
			files = (
			);
			runOnlyForDeploymentPostprocessing = 0;
		};
/* End PBXFrameworksBuildPhase section */

/* Begin PBXGroup section */
		960CF3BE2A10ADFA007F674D = {
			isa = PBXGroup;
			children = (
				960CF3C92A10ADFA007F674D /* Tea */,
				960CF3DA2A10ADFB007F674D /* TeaTests */,
				960CF3E42A10ADFB007F674D /* TeaUITests */,
				960CF3C82A10ADFA007F674D /* Products */,
			);
			sourceTree = "<group>";
		};
		960CF3C82A10ADFA007F674D /* Products */ = {
			isa = PBXGroup;
			children = (
				960CF3C72A10ADFA007F674D /* Tea.app */,
				960CF3D72A10ADFB007F674D /* TeaTests.xctest */,
				960CF3E12A10ADFB007F674D /* TeaUITests.xctest */,
			);
			name = Products;
			sourceTree = "<group>";
		};
		960CF3C92A10ADFA007F674D /* Tea */ = {
			isa = PBXGroup;
			children = (
				960CF3CA2A10ADFA007F674D /* TeaApp.swift */,
				960CF3CC2A10ADFA007F674D /* ContentView.swift */,
				960CF3CE2A10ADFB007F674D /* Assets.xcassets */,
				960CF3D02A10ADFB007F674D /* Preview Content */,
			);
			path = Tea;
			sourceTree = "<group>";
		};
		960CF3D02A10ADFB007F674D /* Preview Content */ = {
			isa = PBXGroup;
			children = (
				960CF3D12A10ADFB007F674D /* Preview Assets.xcassets */,
			);
			path = "Preview Content";
			sourceTree = "<group>";
		};
		960CF3DA2A10ADFB007F674D /* TeaTests */ = {
			isa = PBXGroup;
			children = (
				960CF3DB2A10ADFB007F674D /* TeaTests.swift */,
			);
			path = TeaTests;
			sourceTree = "<group>";
		};
		960CF3E42A10ADFB007F674D /* TeaUITests */ = {
			isa = PBXGroup;
			children = (
				960CF3E52A10ADFB007F674D /* TeaUITests.swift */,
				960CF3E72A10ADFB007F674D /* TeaUITestsLaunchTests.swift */,
			);
			path = TeaUITests;
			sourceTree = "<group>";
		};
/* End PBXGroup section */

/* Begin PBXNativeTarget section */
		960CF3C62A10ADFA007F674D /* Tea */ = {
			isa = PBXNativeTarget;
			buildConfigurationList = 960CF3EB2A10ADFB007F674D /* Build configuration list for PBXNativeTarget "Tea" */;
			buildPhases = (
				960CF3C32A10ADFA007F674D /* Sources */,
				960CF3C42A10ADFA007F674D /* Frameworks */,
				960CF3C52A10ADFA007F674D /* Resources */,
			);
			buildRules = (
			);
			dependencies = (
			);
			name = Tea;
			productName = Tea;
			productReference = 960CF3C72A10ADFA007F674D /* Tea.app */;
			productType = "com.apple.product-type.application";
		};
		960CF3D62A10ADFB007F674D /* TeaTests */ = {
			isa = PBXNativeTarget;
			buildConfigurationList = 960CF3EE2A10ADFB007F674D /* Build configuration list for PBXNativeTarget "TeaTests" */;
			buildPhases = (
				960CF3D32A10ADFB007F674D /* Sources */,
				960CF3D42A10ADFB007F674D /* Frameworks */,
				960CF3D52A10ADFB007F674D /* Resources */,
			);
			buildRules = (
			);
			dependencies = (
				960CF3D92A10ADFB007F674D /* PBXTargetDependency */,
			);
			name = TeaTests;
			productName = TeaTests;
			productReference = 960CF3D72A10ADFB007F674D /* TeaTests.xctest */;
			productType = "com.apple.product-type.bundle.unit-test";
		};
		960CF3E02A10ADFB007F674D /* TeaUITests */ = {
			isa = PBXNativeTarget;
			buildConfigurationList = 960CF3F12A10ADFB007F674D /* Build configuration list for PBXNativeTarget "TeaUITests" */;
			buildPhases = (
				960CF3DD2A10ADFB007F674D /* Sources */,
				960CF3DE2A10ADFB007F674D /* Frameworks */,
				960CF3DF2A10ADFB007F674D /* Resources */,
			);
			buildRules = (
			);
			dependencies = (
				960CF3E32A10ADFB007F674D /* PBXTargetDependency */,
			);
			name = TeaUITests;
			productName = TeaUITests;
			productReference = 960CF3E12A10ADFB007F674D /* TeaUITests.xctest */;
			productType = "com.apple.product-type.bundle.ui-testing";
		};
/* End PBXNativeTarget section */

/* Begin PBXProject section */
		960CF3BF2A10ADFA007F674D /* Project object */ = {
			isa = PBXProject;
			attributes = {
				BuildIndependentTargetsInParallel = 1;
				LastSwiftUpdateCheck = 1420;
				LastUpgradeCheck = 1420;
				TargetAttributes = {
					960CF3C62A10ADFA007F674D = {
						CreatedOnToolsVersion = 14.2;
					};
					960CF3D62A10ADFB007F674D = {
						CreatedOnToolsVersion = 14.2;
						TestTargetID = 960CF3C62A10ADFA007F674D;
					};
					960CF3E02A10ADFB007F674D = {
						CreatedOnToolsVersion = 14.2;
						TestTargetID = 960CF3C62A10ADFA007F674D;
					};
				};
			};
			buildConfigurationList = 960CF3C22A10ADFA007F674D /* Build configuration list for PBXProject "Tea" */;
			compatibilityVersion = "Xcode 14.0";
			developmentRegion = en;
			hasScannedForEncodings = 0;
			knownRegions = (
				en,
				Base,
			);
			mainGroup = 960CF3BE2A10ADFA007F674D;
			productRefGroup = 960CF3C82A10ADFA007F674D /* Products */;
			projectDirPath = "";
			projectRoot = "";
			targets = (
				960CF3C62A10ADFA007F674D /* Tea */,
				960CF3D62A10ADFB007F674D /* TeaTests */,
				960CF3E02A10ADFB007F674D /* TeaUITests */,
			);
		};
/* End PBXProject section */

/* Begin PBXResourcesBuildPhase section */
		960CF3C52A10ADFA007F674D /* Resources */ = {
			isa = PBXResourcesBuildPhase;
			buildActionMask = 2147483647;
			files = (
				960CF3D22A10ADFB007F674D /* Preview Assets.xcassets in Resources */,
				960CF3CF2A10ADFB007F674D /* Assets.xcassets in Resources */,
			);
			runOnlyForDeploymentPostprocessing = 0;
		};
		960CF3D52A10ADFB007F674D /* Resources */ = {
			isa = PBXResourcesBuildPhase;
			buildActionMask = 2147483647;
			files = (
			);
			runOnlyForDeploymentPostprocessing = 0;
		};
		960CF3DF2A10ADFB007F674D /* Resources */ = {
			isa = PBXResourcesBuildPhase;
			buildActionMask = 2147483647;
			files = (
			);
			runOnlyForDeploymentPostprocessing = 0;
		};
/* End PBXResourcesBuildPhase section */

/* Begin PBXSourcesBuildPhase section */
		960CF3C32A10ADFA007F674D /* Sources */ = {
			isa = PBXSourcesBuildPhase;
			buildActionMask = 2147483647;
			files = (
				960CF3CD2A10ADFA007F674D /* ContentView.swift in Sources */,
				960CF3CB2A10ADFA007F674D /* TeaApp.swift in Sources */,
			);
			runOnlyForDeploymentPostprocessing = 0;
		};
		960CF3D32A10ADFB007F674D /* Sources */ = {
			isa = PBXSourcesBuildPhase;
			buildActionMask = 2147483647;
			files = (
				960CF3DC2A10ADFB007F674D /* TeaTests.swift in Sources */,
			);
			runOnlyForDeploymentPostprocessing = 0;
		};
		960CF3DD2A10ADFB007F674D /* Sources */ = {
			isa = PBXSourcesBuildPhase;
			buildActionMask = 2147483647;
			files = (
				960CF3E62A10ADFB007F674D /* TeaUITests.swift in Sources */,
				960CF3E82A10ADFB007F674D /* TeaUITestsLaunchTests.swift in Sources */,
			);
			runOnlyForDeploymentPostprocessing = 0;
		};
/* End PBXSourcesBuildPhase section */

/* Begin PBXTargetDependency section */
		960CF3D92A10ADFB007F674D /* PBXTargetDependency */ = {
			isa = PBXTargetDependency;
			target = 960CF3C62A10ADFA007F674D /* Tea */;
			targetProxy = 960CF3D82A10ADFB007F674D /* PBXContainerItemProxy */;
		};
		960CF3E32A10ADFB007F674D /* PBXTargetDependency */ = {
			isa = PBXTargetDependency;
			target = 960CF3C62A10ADFA007F674D /* Tea */;
			targetProxy = 960CF3E22A10ADFB007F674D /* PBXContainerItemProxy */;
		};
/* End PBXTargetDependency section */

/* Begin XCBuildConfiguration section */
		960CF3E92A10ADFB007F674D /* Debug */ = {
			isa = XCBuildConfiguration;
			buildSettings = {
				ALWAYS_SEARCH_USER_PATHS = NO;
				CLANG_ANALYZER_NONNULL = YES;
				CLANG_ANALYZER_NUMBER_OBJECT_CONVERSION = YES_AGGRESSIVE;
				CLANG_CXX_LANGUAGE_STANDARD = "gnu++20";
				CLANG_ENABLE_MODULES = YES;
				CLANG_ENABLE_OBJC_ARC = YES;
				CLANG_ENABLE_OBJC_WEAK = YES;
				CLANG_WARN_BLOCK_CAPTURE_AUTORELEASING = YES;
				CLANG_WARN_BOOL_CONVERSION = YES;
				CLANG_WARN_COMMA = YES;
				CLANG_WARN_CONSTANT_CONVERSION = YES;
				CLANG_WARN_DEPRECATED_OBJC_IMPLEMENTATIONS = YES;
				CLANG_WARN_DIRECT_OBJC_ISA_USAGE = YES_ERROR;
				CLANG_WARN_DOCUMENTATION_COMMENTS = YES;
				CLANG_WARN_EMPTY_BODY = YES;
				CLANG_WARN_ENUM_CONVERSION = YES;
				CLANG_WARN_INFINITE_RECURSION = YES;
				CLANG_WARN_INT_CONVERSION = YES;
				CLANG_WARN_NON_LITERAL_NULL_CONVERSION = YES;
				CLANG_WARN_OBJC_IMPLICIT_RETAIN_SELF = YES;
				CLANG_WARN_OBJC_LITERAL_CONVERSION = YES;
				CLANG_WARN_OBJC_ROOT_CLASS = YES_ERROR;
				CLANG_WARN_QUOTED_INCLUDE_IN_FRAMEWORK_HEADER = YES;
				CLANG_WARN_RANGE_LOOP_ANALYSIS = YES;
				CLANG_WARN_STRICT_PROTOTYPES = YES;
				CLANG_WARN_SUSPICIOUS_MOVE = YES;
				CLANG_WARN_UNGUARDED_AVAILABILITY = YES_AGGRESSIVE;
				CLANG_WARN_UNREACHABLE_CODE = YES;
				CLANG_WARN__DUPLICATE_METHOD_MATCH = YES;
				COPY_PHASE_STRIP = NO;
				DEBUG_INFORMATION_FORMAT = dwarf;
				ENABLE_STRICT_OBJC_MSGSEND = YES;
				ENABLE_TESTABILITY = YES;
				GCC_C_LANGUAGE_STANDARD = gnu11;
				GCC_DYNAMIC_NO_PIC = NO;
				GCC_NO_COMMON_BLOCKS = YES;
				GCC_OPTIMIZATION_LEVEL = 0;
				GCC_PREPROCESSOR_DEFINITIONS = (
					"DEBUG=1",
					"$(inherited)",
				);
				GCC_WARN_64_TO_32_BIT_CONVERSION = YES;
				GCC_WARN_ABOUT_RETURN_TYPE = YES_ERROR;
				GCC_WARN_UNDECLARED_SELECTOR = YES;
				GCC_WARN_UNINITIALIZED_AUTOS = YES_AGGRESSIVE;
				GCC_WARN_UNUSED_FUNCTION = YES;
				GCC_WARN_UNUSED_VARIABLE = YES;
				IPHONEOS_DEPLOYMENT_TARGET = 16.2;
				MTL_ENABLE_DEBUG_INFO = INCLUDE_SOURCE;
				MTL_FAST_MATH = YES;
				ONLY_ACTIVE_ARCH = YES;
				SDKROOT = iphoneos;
				SWIFT_ACTIVE_COMPILATION_CONDITIONS = DEBUG;
				SWIFT_OPTIMIZATION_LEVEL = "-Onone";
			};
			name = Debug;
		};
		960CF3EA2A10ADFB007F674D /* Release */ = {
			isa = XCBuildConfiguration;
			buildSettings = {
				ALWAYS_SEARCH_USER_PATHS = NO;
				CLANG_ANALYZER_NONNULL = YES;
				CLANG_ANALYZER_NUMBER_OBJECT_CONVERSION = YES_AGGRESSIVE;
				CLANG_CXX_LANGUAGE_STANDARD = "gnu++20";
				CLANG_ENABLE_MODULES = YES;
				CLANG_ENABLE_OBJC_ARC = YES;
				CLANG_ENABLE_OBJC_WEAK = YES;
				CLANG_WARN_BLOCK_CAPTURE_AUTORELEASING = YES;
				CLANG_WARN_BOOL_CONVERSION = YES;
				CLANG_WARN_COMMA = YES;
				CLANG_WARN_CONSTANT_CONVERSION = YES;
				CLANG_WARN_DEPRECATED_OBJC_IMPLEMENTATIONS = YES;
				CLANG_WARN_DIRECT_OBJC_ISA_USAGE = YES_ERROR;
				CLANG_WARN_DOCUMENTATION_COMMENTS = YES;
				CLANG_WARN_EMPTY_BODY = YES;
				CLANG_WARN_ENUM_CONVERSION = YES;
				CLANG_WARN_INFINITE_RECURSION = YES;
				CLANG_WARN_INT_CONVERSION = YES;
				CLANG_WARN_NON_LITERAL_NULL_CONVERSION = YES;
				CLANG_WARN_OBJC_IMPLICIT_RETAIN_SELF = YES;
				CLANG_WARN_OBJC_LITERAL_CONVERSION = YES;
				CLANG_WARN_OBJC_ROOT_CLASS = YES_ERROR;
				CLANG_WARN_QUOTED_INCLUDE_IN_FRAMEWORK_HEADER = YES;
				CLANG_WARN_RANGE_LOOP_ANALYSIS = YES;
				CLANG_WARN_STRICT_PROTOTYPES = YES;
				CLANG_WARN_SUSPICIOUS_MOVE = YES;
				CLANG_WARN_UNGUARDED_AVAILABILITY = YES_AGGRESSIVE;
				CLANG_WARN_UNREACHABLE_CODE = YES;
				CLANG_WARN__DUPLICATE_METHOD_MATCH = YES;
				COPY_PHASE_STRIP = NO;
				DEBUG_INFORMATION_FORMAT = "dwarf-with-dsym";
				ENABLE_NS_ASSERTIONS = NO;
				ENABLE_STRICT_OBJC_MSGSEND = YES;
				GCC_C_LANGUAGE_STANDARD = gnu11;
				GCC_NO_COMMON_BLOCKS = YES;
				GCC_WARN_64_TO_32_BIT_CONVERSION = YES;
				GCC_WARN_ABOUT_RETURN_TYPE = YES_ERROR;
				GCC_WARN_UNDECLARED_SELECTOR = YES;
				GCC_WARN_UNINITIALIZED_AUTOS = YES_AGGRESSIVE;
				GCC_WARN_UNUSED_FUNCTION = YES;
				GCC_WARN_UNUSED_VARIABLE = YES;
				IPHONEOS_DEPLOYMENT_TARGET = 16.2;
				MTL_ENABLE_DEBUG_INFO = NO;
				MTL_FAST_MATH = YES;
				SDKROOT = iphoneos;
				SWIFT_COMPILATION_MODE = wholemodule;
				SWIFT_OPTIMIZATION_LEVEL = "-O";
				VALIDATE_PRODUCT = YES;
			};
			name = Release;
		};
		960CF3EC2A10ADFB007F674D /* Debug */ = {
			isa = XCBuildConfiguration;
			buildSettings = {
				ASSETCATALOG_COMPILER_APPICON_NAME = AppIcon;
				ASSETCATALOG_COMPILER_GLOBAL_ACCENT_COLOR_NAME = AccentColor;
				CODE_SIGN_STYLE = Automatic;
				CURRENT_PROJECT_VERSION = 1;
				DEVELOPMENT_ASSET_PATHS = "\"Tea/Preview Content\"";
				ENABLE_PREVIEWS = YES;
				GENERATE_INFOPLIST_FILE = YES;
				INFOPLIST_KEY_UIApplicationSceneManifest_Generation = YES;
				INFOPLIST_KEY_UIApplicationSupportsIndirectInputEvents = YES;
				INFOPLIST_KEY_UILaunchScreen_Generation = YES;
				INFOPLIST_KEY_UISupportedInterfaceOrientations_iPad = "UIInterfaceOrientationPortrait UIInterfaceOrientationPortraitUpsideDown UIInterfaceOrientationLandscapeLeft UIInterfaceOrientationLandscapeRight";
				INFOPLIST_KEY_UISupportedInterfaceOrientations_iPhone = "UIInterfaceOrientationPortrait UIInterfaceOrientationLandscapeLeft UIInterfaceOrientationLandscapeRight";
				LD_RUNPATH_SEARCH_PATHS = (
					"$(inherited)",
					"@executable_path/Frameworks",
				);
				MARKETING_VERSION = 1.0;
				PRODUCT_BUNDLE_IDENTIFIER = com.jason.Tea;
				PRODUCT_NAME = "$(TARGET_NAME)";
				SWIFT_EMIT_LOC_STRINGS = YES;
				SWIFT_VERSION = 5.0;
				TARGETED_DEVICE_FAMILY = "1,2";
			};
			name = Debug;
		};
		960CF3ED2A10ADFB007F674D /* Release */ = {
			isa = XCBuildConfiguration;
			buildSettings = {
				ASSETCATALOG_COMPILER_APPICON_NAME = AppIcon;
				ASSETCATALOG_COMPILER_GLOBAL_ACCENT_COLOR_NAME = AccentColor;
				CODE_SIGN_STYLE = Automatic;
				CURRENT_PROJECT_VERSION = 1;
				DEVELOPMENT_ASSET_PATHS = "\"Tea/Preview Content\"";
				ENABLE_PREVIEWS = YES;
				GENERATE_INFOPLIST_FILE = YES;
				INFOPLIST_KEY_UIApplicationSceneManifest_Generation = YES;
				INFOPLIST_KEY_UIApplicationSupportsIndirectInputEvents = YES;
				INFOPLIST_KEY_UILaunchScreen_Generation = YES;
				INFOPLIST_KEY_UISupportedInterfaceOrientations_iPad = "UIInterfaceOrientationPortrait UIInterfaceOrientationPortraitUpsideDown UIInterfaceOrientationLandscapeLeft UIInterfaceOrientationLandscapeRight";
				INFOPLIST_KEY_UISupportedInterfaceOrientations_iPhone = "UIInterfaceOrientationPortrait UIInterfaceOrientationLandscapeLeft UIInterfaceOrientationLandscapeRight";
				LD_RUNPATH_SEARCH_PATHS = (
					"$(inherited)",
					"@executable_path/Frameworks",
				);
				MARKETING_VERSION = 1.0;
				PRODUCT_BUNDLE_IDENTIFIER = com.jason.Tea;
				PRODUCT_NAME = "$(TARGET_NAME)";
				SWIFT_EMIT_LOC_STRINGS = YES;
				SWIFT_VERSION = 5.0;
				TARGETED_DEVICE_FAMILY = "1,2";
			};
			name = Release;
		};
		960CF3EF2A10ADFB007F674D /* Debug */ = {
			isa = XCBuildConfiguration;
			buildSettings = {
				ALWAYS_EMBED_SWIFT_STANDARD_LIBRARIES = YES;
				BUNDLE_LOADER = "$(TEST_HOST)";
				CODE_SIGN_STYLE = Automatic;
				CURRENT_PROJECT_VERSION = 1;
				GENERATE_INFOPLIST_FILE = YES;
				IPHONEOS_DEPLOYMENT_TARGET = 16.2;
				MARKETING_VERSION = 1.0;
				PRODUCT_BUNDLE_IDENTIFIER = com.jason.TeaTests;
				PRODUCT_NAME = "$(TARGET_NAME)";
				SWIFT_EMIT_LOC_STRINGS = NO;
				SWIFT_VERSION = 5.0;
				TARGETED_DEVICE_FAMILY = "1,2";
				TEST_HOST = "$(BUILT_PRODUCTS_DIR)/Tea.app/$(BUNDLE_EXECUTABLE_FOLDER_PATH)/Tea";
			};
			name = Debug;
		};
		960CF3F02A10ADFB007F674D /* Release */ = {
			isa = XCBuildConfiguration;
			buildSettings = {
				ALWAYS_EMBED_SWIFT_STANDARD_LIBRARIES = YES;
				BUNDLE_LOADER = "$(TEST_HOST)";
				CODE_SIGN_STYLE = Automatic;
				CURRENT_PROJECT_VERSION = 1;
				GENERATE_INFOPLIST_FILE = YES;
				IPHONEOS_DEPLOYMENT_TARGET = 16.2;
				MARKETING_VERSION = 1.0;
				PRODUCT_BUNDLE_IDENTIFIER = com.jason.TeaTests;
				PRODUCT_NAME = "$(TARGET_NAME)";
				SWIFT_EMIT_LOC_STRINGS = NO;
				SWIFT_VERSION = 5.0;
				TARGETED_DEVICE_FAMILY = "1,2";
				TEST_HOST = "$(BUILT_PRODUCTS_DIR)/Tea.app/$(BUNDLE_EXECUTABLE_FOLDER_PATH)/Tea";
			};
			name = Release;
		};
		960CF3F22A10ADFB007F674D /* Debug */ = {
			isa = XCBuildConfiguration;
			buildSettings = {
				ALWAYS_EMBED_SWIFT_STANDARD_LIBRARIES = YES;
				CODE_SIGN_STYLE = Automatic;
				CURRENT_PROJECT_VERSION = 1;
				GENERATE_INFOPLIST_FILE = YES;
				MARKETING_VERSION = 1.0;
				PRODUCT_BUNDLE_IDENTIFIER = com.jason.TeaUITests;
				PRODUCT_NAME = "$(TARGET_NAME)";
				SWIFT_EMIT_LOC_STRINGS = NO;
				SWIFT_VERSION = 5.0;
				TARGETED_DEVICE_FAMILY = "1,2";
				TEST_TARGET_NAME = Tea;
			};
			name = Debug;
		};
		960CF3F32A10ADFB007F674D /* Release */ = {
			isa = XCBuildConfiguration;
			buildSettings = {
				ALWAYS_EMBED_SWIFT_STANDARD_LIBRARIES = YES;
				CODE_SIGN_STYLE = Automatic;
				CURRENT_PROJECT_VERSION = 1;
				GENERATE_INFOPLIST_FILE = YES;
				MARKETING_VERSION = 1.0;
				PRODUCT_BUNDLE_IDENTIFIER = com.jason.TeaUITests;
				PRODUCT_NAME = "$(TARGET_NAME)";
				SWIFT_EMIT_LOC_STRINGS = NO;
				SWIFT_VERSION = 5.0;
				TARGETED_DEVICE_FAMILY = "1,2";
				TEST_TARGET_NAME = Tea;
			};
			name = Release;
		};
/* End XCBuildConfiguration section */

/* Begin XCConfigurationList section */
		960CF3C22A10ADFA007F674D /* Build configuration list for PBXProject "Tea" */ = {
			isa = XCConfigurationList;
			buildConfigurations = (
				960CF3E92A10ADFB007F674D /* Debug */,
				960CF3EA2A10ADFB007F674D /* Release */,
			);
			defaultConfigurationIsVisible = 0;
			defaultConfigurationName = Release;
		};
		960CF3EB2A10ADFB007F674D /* Build configuration list for PBXNativeTarget "Tea" */ = {
			isa = XCConfigurationList;
			buildConfigurations = (
				960CF3EC2A10ADFB007F674D /* Debug */,
				960CF3ED2A10ADFB007F674D /* Release */,
			);
			defaultConfigurationIsVisible = 0;
			defaultConfigurationName = Release;
		};
		960CF3EE2A10ADFB007F674D /* Build configuration list for PBXNativeTarget "TeaTests" */ = {
			isa = XCConfigurationList;
			buildConfigurations = (
				960CF3EF2A10ADFB007F674D /* Debug */,
				960CF3F02A10ADFB007F674D /* Release */,
			);
			defaultConfigurationIsVisible = 0;
			defaultConfigurationName = Release;
		};
		960CF3F12A10ADFB007F674D /* Build configuration list for PBXNativeTarget "TeaUITests" */ = {
			isa = XCConfigurationList;
			buildConfigurations = (
				960CF3F22A10ADFB007F674D /* Debug */,
				960CF3F32A10ADFB007F674D /* Release */,
			);
			defaultConfigurationIsVisible = 0;
			defaultConfigurationName = Release;
		};
/* End XCConfigurationList section */
	};
	rootObject = 960CF3BF2A10ADFA007F674D /* Project object */;
}
